# This file is automatically @generated by Cargo.
# It is not intended for manual editing.
version = 4

[[package]]
name = "lutra-bin"
version = "0.1.0"
dependencies = [
 "lutra-uci",
]

[[package]]
name = "lutra-engine"
version = "0.1.0"
dependencies = [
 "lutra-movegen",
]

[[package]]
name = "lutra-movegen"
version = "0.1.0"

[[package]]
name = "lutra-uci"
version = "0.1.0"
dependencies = [
 "lutra-engine",
]
